
Microsoft Visual Studio Solution File, Format Version 12.00
# Visual Studio Version 17
VisualStudioVersion = 17.3.32825.248
MinimumVisualStudioVersion = 10.0.40219.1
Project("{9A19103F-16F7-4668-BE54-9A1E7A4F7556}") = "Exercice_voiture", "Ex_Enum\Exercice_voiture.csproj", "{B563E1C6-8881-41E1-BE45-87E2DE394062}"
EndProject
Global
	GlobalSection(SolutionConfigurationPlatforms) = preSolution
		Debug|Any CPU = Debug|Any CPU
		Release|Any CPU = Release|Any CPU
	EndGlobalSection
	GlobalSection(ProjectConfigurationPlatforms) = postSolution
		{B563E1C6-8881-41E1-BE45-87E2DE394062}.Debug|Any CPU.ActiveCfg = Debug|Any CPU
		{B563E1C6-8881-41E1-BE45-87E2DE394062}.Debug|Any CPU.Build.0 = Debug|Any CPU
		{B563E1C6-8881-41E1-BE45-87E2DE394062}.Release|Any CPU.ActiveCfg = Release|Any CPU
		{B563E1C6-8881-41E1-BE45-87E2DE394062}.Release|Any CPU.Build.0 = Release|Any CPU
	EndGlobalSection
	GlobalSection(SolutionProperties) = preSolution
		HideSolutionNode = FALSE
	EndGlobalSection
	GlobalSection(ExtensibilityGlobals) = postSolution
		SolutionGuid = {BEBFBE8D-3DB8-42EA-88FC-827E0C2EC6EF}
	EndGlobalSection
EndGlobal
